
Microsoft Visual Studio Solution File, Format Version 12.00
# Visual Studio Version 17
VisualStudioVersion = 17.3.32901.215
MinimumVisualStudioVersion = 10.0.40219.1
Project("{2150E333-8FDC-42A3-9474-1A3956D46DE8}") = "TOOLS", "TOOLS", "{EC2F041D-C1A6-4EC5-8245-EFD992430EF8}"
EndProject
Project("{9A19103F-16F7-4668-BE54-9A1E7A4F7556}") = "PE.Interfaces", "PE.Interfaces\PE.Interfaces.csproj", "{DFE01277-6CD1-4CBE-9FCF-3CAD1F7B73D8}"
EndProject
Project("{9A19103F-16F7-4668-BE54-9A1E7A4F7556}") = "PE.HMIWWW.Services", "PE.HMIWWW.Services\PE.HMIWWW.Services.csproj", "{6FBD6986-53C0-4BA0-996A-AD399E28EF1B}"
EndProject
Project("{9A19103F-16F7-4668-BE54-9A1E7A4F7556}") = "PE.HMIWWW.ViewModel", "PE.ViewModel\PE.HMIWWW.ViewModel.csproj", "{45C16E36-29E7-4E0F-9365-A6254B96F03C}"
EndProject
Project("{9A19103F-16F7-4668-BE54-9A1E7A4F7556}") = "PE.HMIWWW.Core", "PE.HMIWWW.Core\PE.HMIWWW.Core.csproj", "{5885A692-03CC-44A4-BEDE-708AC3BAB315}"
EndProject
Project("{2150E333-8FDC-42A3-9474-1A3956D46DE8}") = "HMIWWW", "HMIWWW", "{F54D2443-C254-46CD-A4E6-8DE498850F05}"
EndProject
Project("{2150E333-8FDC-42A3-9474-1A3956D46DE8}") = "PE.Modules", "PE.Modules", "{50214FD0-D99D-4A4E-BE6A-2D08CD038AC5}"
EndProject
Project("{9A19103F-16F7-4668-BE54-9A1E7A4F7556}") = "HMIRefreshKeysHelper", "HMIRefreshKeysHelper\HMIRefreshKeysHelper.csproj", "{EEBB8395-050F-4C9B-97AA-35F1FF296520}"
EndProject
Project("{2150E333-8FDC-42A3-9474-1A3956D46DE8}") = "DB", "DB", "{D94CB310-FC91-43C7-8566-84AF979229AE}"
EndProject
Project("{159641D6-6404-4A2A-AE62-294DE0FE8301}") = "PE.IntegrationServices", "PE.IntegrationServices\PE.IntegrationServices.dtproj", "{F77BEA46-9C0E-4943-AF55-35413234B9D0}"
EndProject
Project("{2150E333-8FDC-42A3-9474-1A3956D46DE8}") = "Utilities", "Utilities", "{03C3DAA4-48C2-425C-8793-5C4E06424C95}"
EndProject
Project("{00D1A9C2-B5F0-4AF3-8072-F6C62B433612}") = "PE.Database", "PE.Database\PE.Database.sqlproj", "{C1B45A85-84E1-4AC9-8069-38DBCE4E59AD}"
EndProject
Project("{D2ABAB84-BF74-430A-B69E-9DC6D40DDA17}") = "PE.Analysis", "PE.Analysis\PE.Analysis.dwproj", "{736436EB-F912-4D12-8748-E7B3A3E5F2D9}"
EndProject
Project("{F14B399A-7131-4C87-9E4B-1186C45EF12D}") = "PE.Reports", "PE.Reports\PE.Reports.rptproj", "{89CE9E27-765C-486D-9DA6-71B3411AA78E}"
EndProject
Project("{9A19103F-16F7-4668-BE54-9A1E7A4F7556}") = "PE.DBA.DataBaseAdapter", "PE.Modules\PE.DBA.DataBaseAdapter\PE.DBA.DataBaseAdapter.csproj", "{16683ACA-EABE-4FF7-8511-663F166ED211}"
EndProject
Project("{9A19103F-16F7-4668-BE54-9A1E7A4F7556}") = "PE.EVT.Events", "PE.Modules\PE.EVT.Events\PE.EVT.Events.csproj", "{3A8D810C-804D-4E9F-BAB4-835EDF31CBF5}"
EndProject
Project("{9A19103F-16F7-4668-BE54-9A1E7A4F7556}") = "PE.HMI", "PE.Modules\PE.HMI\PE.HMI.csproj", "{6C970A5D-F430-436C-B496-A3EE40EDC290}"
EndProject
Project("{9A19103F-16F7-4668-BE54-9A1E7A4F7556}") = "PE.MVH.MeasValuesHistory", "PE.Modules\PE.MVH.MeasValuesHistory\PE.MVH.MeasValuesHistory.csproj", "{53204EA7-9C21-49CB-BC8D-A1192F843619}"
EndProject
Project("{9A19103F-16F7-4668-BE54-9A1E7A4F7556}") = "PE.PRM.ProdManager", "PE.Modules\PE.PRM.ProdManager\PE.PRM.ProdManager.csproj", "{B82714C3-9A51-43E4-A1C6-50488F6DBC4F}"
EndProject
Project("{9A19103F-16F7-4668-BE54-9A1E7A4F7556}") = "PE.PPL.ProdPlaning", "PE.Modules\PE.PPL.ProdPlaning\PE.PPL.ProdPlaning.csproj", "{8F54892A-588A-4430-A338-54A636C4A798}"
EndProject
Project("{9A19103F-16F7-4668-BE54-9A1E7A4F7556}") = "PE.WBF.WalkingBeamFurnance", "PE.Modules\PE.WBF.WalkingBeamFurnance\PE.WBF.WalkingBeamFurnance.csproj", "{FF5EB29B-0FED-4BDC-8A8E-6195B5E669F6}"
EndProject
Project("{9A19103F-16F7-4668-BE54-9A1E7A4F7556}") = "PE.TRK.Tracking", "PE.Modules\PE.TRK.Tracking\PE.TRK.Tracking.csproj", "{90590CE2-AC74-483A-9B20-9A222F95D7D3}"
EndProject
Project("{9A19103F-16F7-4668-BE54-9A1E7A4F7556}") = "PE.ZPC.ZebraPrinterConnector", "PE.Modules\PE.ZPC.ZebraPrinterConnector\PE.ZPC.ZebraPrinterConnector.csproj", "{7377DE37-9A8A-41F7-9D80-7C34A4E9F7E6}"
EndProject
Project("{9A19103F-16F7-4668-BE54-9A1E7A4F7556}") = "PE.STP.Setup", "PE.Modules\PE.STP.Setup\PE.STP.Setup.csproj", "{E5FCE292-AC34-4AE2-BD09-4E2F1A3FE84C}"
EndProject
Project("{9A19103F-16F7-4668-BE54-9A1E7A4F7556}") = "PE.Lite", "PE.Lite\PE.Lite.csproj", "{6140A499-F443-44E0-924D-8923617F7D1F}"
EndProject
Project("{2150E333-8FDC-42A3-9474-1A3956D46DE8}") = "Solution Items", "Solution Items", "{E5726D0D-1B03-4295-B978-1F404D8FF933}"
	ProjectSection(SolutionItems) = preProject
		.editorconfig = .editorconfig
		..\azure-pipelines.yml = ..\azure-pipelines.yml
		Directory.Build.targets = Directory.Build.targets
		Directory.Packages.props = Directory.Packages.props
		NuGet.Config = NuGet.Config
		..\README.md = ..\README.md
	EndProjectSection
EndProject
Project("{9A19103F-16F7-4668-BE54-9A1E7A4F7556}") = "PE.RLS.RollShop", "PE.Modules\PE.RLS.RollShop\PE.RLS.RollShop.csproj", "{F01A0CE6-9D3E-403E-A6F0-715321F9F4CD}"
EndProject
Project("{9A19103F-16F7-4668-BE54-9A1E7A4F7556}") = "PE.MNT.Maintenance", "PE.Modules\PE.MNT.Maintenance\PE.MNT.Maintenance.csproj", "{5FC6C206-0F36-47D4-98C6-AB3FBFB5D52B}"
EndProject
Project("{9A19103F-16F7-4668-BE54-9A1E7A4F7556}") = "PE.QTY.Quality", "PE.Modules\PE.QTY.Quality\PE.QTY.Quality.csproj", "{34D7C6C2-68CC-485E-AAA2-2A06B589BDDF}"
EndProject
Project("{9A19103F-16F7-4668-BE54-9A1E7A4F7556}") = "PE.TCP.TcpProxy", "PE.Modules\PE.TCP.TcpProxy\PE.TCP.TcpProxy.csproj", "{9A157A7C-73BC-4B6B-9443-64964AF90EEE}"
EndProject
Project("{9A19103F-16F7-4668-BE54-9A1E7A4F7556}") = "PE.PRF.Performance", "PE.Modules\PE.PRF.Performance\PE.PRF.Performance.csproj", "{59A115D2-85D5-4CB2-8691-EDB501A92096}"
EndProject
Project("{9A19103F-16F7-4668-BE54-9A1E7A4F7556}") = "PE.YRD.Yards", "PE.Modules\PE.YRD.Yards\PE.YRD.Yards.csproj", "{8ABDA5E7-BB71-49D7-9344-252F6654F5CD}"
EndProject
Project("{9A19103F-16F7-4668-BE54-9A1E7A4F7556}") = "PE.L1A.L1Adapter", "PE.Modules\PE.L1A.L1Adapter\PE.L1A.L1Adapter.csproj", "{76AC7E96-E5D4-4EE8-9CC5-1A088038D2F5}"
EndProject
Project("{9A19103F-16F7-4668-BE54-9A1E7A4F7556}") = "PE.Models", "PE.Models\PE.Models.csproj", "{44EF5AD8-B5CF-40FD-9F58-38E21AF73E19}"
EndProject
Project("{9A19103F-16F7-4668-BE54-9A1E7A4F7556}") = "PE.HMIWWW", "PE.HMIWWW\PE.HMIWWW.csproj", "{E07E5782-4C32-45E4-8F83-71D3559A817A}"
EndProject
Project("{2150E333-8FDC-42A3-9474-1A3956D46DE8}") = "PE.BaseModules", "PE.BaseModules", "{C0CE64EE-3B4D-4396-B671-5E4071F9067E}"
EndProject
Project("{9A19103F-16F7-4668-BE54-9A1E7A4F7556}") = "PE.Config", "PE.Config\PE.Config.csproj", "{D8D3CF2D-6C22-4A5C-97D7-A3140EA3BE20}"
EndProject
Project("{9A19103F-16F7-4668-BE54-9A1E7A4F7556}") = "PE.CommunicationTracer", "Tools\PE.CommunicationTracer\PE.CommunicationTracer.csproj", "{E070B23D-112C-4C06-A3EE-606CD7FE9A32}"
EndProject
Project("{9A19103F-16F7-4668-BE54-9A1E7A4F7556}") = "PE.QEX.QualityExpert", "PE.Modules\PE.QEX.QualityExpert\PE.QEX.QualityExpert.csproj", "{D3954CF9-93AA-4525-B403-9AB537647408}"
EndProject
Project("{9A19103F-16F7-4668-BE54-9A1E7A4F7556}") = "PE.DbEntity", "PE.DbEntity\PE.DbEntity.csproj", "{1184E359-DA32-4790-86B3-341B016E7975}"
EndProject
Project("{9A19103F-16F7-4668-BE54-9A1E7A4F7556}") = "PE.MDA.ModuleA", "PE.Modules\PE.MDA.ModuleA\PE.MDA.ModuleA.csproj", "{3B75FB6E-901C-4E9F-BC89-5BDB7970695E}"
EndProject
Project("{9A19103F-16F7-4668-BE54-9A1E7A4F7556}") = "PE.MDB.ModuleB", "PE.Modules\PE.MDB.ModuleB\PE.MDB.ModuleB.csproj", "{73ADEB26-98F5-44B1-A287-5D111B374DF1}"
EndProject
Project("{9A19103F-16F7-4668-BE54-9A1E7A4F7556}") = "PE.MDB.Base", "PE.BaseModules\PE.MDB.Base\PE.MDB.Base.csproj", "{9AC49706-0503-4572-AA67-2421599F5943}"
EndProject
Project("{9A19103F-16F7-4668-BE54-9A1E7A4F7556}") = "PE.MDA.Base", "PE.BaseModules\PE.MDA.Base\PE.MDA.Base.csproj", "{3E3A1CFE-35DC-49D8-9DA3-CFAC87C1D4E5}"
EndProject
Project("{00D1A9C2-B5F0-4AF3-8072-F6C62B433612}") = "PE.Warehouse", "PE.Warehouse\PE.Warehouse.sqlproj", "{C7D25C01-7058-4A4E-A0A2-9BEF39753B72}"
EndProject
Project("{9A19103F-16F7-4668-BE54-9A1E7A4F7556}") = "PE.BaseDbEntity", "PE.BaseDbEntity\PE.BaseDbEntity.csproj", "{30D82589-87B9-4348-BD49-A0D484CE00CB}"
EndProject
Project("{9A19103F-16F7-4668-BE54-9A1E7A4F7556}") = "PE.BaseInterfaces", "PE.BaseInterfaces\PE.BaseInterfaces.csproj", "{60D87506-AF6A-4581-AC19-A3E2E3D0760D}"
EndProject
Project("{9A19103F-16F7-4668-BE54-9A1E7A4F7556}") = "PE.BaseModels", "PE.BaseModels\PE.BaseModels.csproj", "{4496268F-0494-4ADA-B0EA-A36FD3BFE53F}"
EndProject
Project("{9A19103F-16F7-4668-BE54-9A1E7A4F7556}") = "PE.BaseHelpers", "PE.BaseHelpers\PE.BaseHelpers.csproj", "{BB915C52-B0CD-4847-8562-D876683380FE}"
EndProject
Project("{9A19103F-16F7-4668-BE54-9A1E7A4F7556}") = "PE.BaseCore", "PE.BaseCore\PE.BaseCore.csproj", "{D515F2D2-5F81-4AF0-9A9D-1589DE43C711}"
EndProject
Project("{9A19103F-16F7-4668-BE54-9A1E7A4F7556}") = "PE.BaseModule.Core", "PE.BaseModule.Core\PE.BaseModule.Core.csproj", "{53419755-9797-47F2-9A45-F0BC4DECFD51}"
EndProject
Project("{9A19103F-16F7-4668-BE54-9A1E7A4F7556}") = "PE.BaseCommon", "PE.BaseCommon\PE.BaseCommon.csproj", "{259B4F22-5915-472C-8DE2-1B059AAB9781}"
EndProject
Project("{9A19103F-16F7-4668-BE54-9A1E7A4F7556}") = "PE.TRK.Base", "PE.Modules\PE.TRK.Base\PE.TRK.Base.csproj", "{E6BE275F-FDDD-4AEF-AC49-0B22A56F4404}"
EndProject
Project("{9A19103F-16F7-4668-BE54-9A1E7A4F7556}") = "PE.L1A.Base", "PE.Modules\PE.L1A.Base\PE.L1A.Base.csproj", "{006560AE-356C-4968-80CC-EBF001A12215}"
EndProject
Global
	GlobalSection(SolutionConfigurationPlatforms) = preSolution
		Debug|Any CPU = Debug|Any CPU
		DebugLocal|Any CPU = DebugLocal|Any CPU
		Development|Any CPU = Development|Any CPU
		Release|Any CPU = Release|Any CPU
	EndGlobalSection
	GlobalSection(ProjectConfigurationPlatforms) = postSolution
		{DFE01277-6CD1-4CBE-9FCF-3CAD1F7B73D8}.Debug|Any CPU.ActiveCfg = Debug|Any CPU
		{DFE01277-6CD1-4CBE-9FCF-3CAD1F7B73D8}.Debug|Any CPU.Build.0 = Debug|Any CPU
		{DFE01277-6CD1-4CBE-9FCF-3CAD1F7B73D8}.DebugLocal|Any CPU.ActiveCfg = Debug|Any CPU
		{DFE01277-6CD1-4CBE-9FCF-3CAD1F7B73D8}.DebugLocal|Any CPU.Build.0 = Debug|Any CPU
		{DFE01277-6CD1-4CBE-9FCF-3CAD1F7B73D8}.Development|Any CPU.ActiveCfg = Debug|Any CPU
		{DFE01277-6CD1-4CBE-9FCF-3CAD1F7B73D8}.Development|Any CPU.Build.0 = Debug|Any CPU
		{DFE01277-6CD1-4CBE-9FCF-3CAD1F7B73D8}.Release|Any CPU.ActiveCfg = Release|Any CPU
		{DFE01277-6CD1-4CBE-9FCF-3CAD1F7B73D8}.Release|Any CPU.Build.0 = Release|Any CPU
		{6FBD6986-53C0-4BA0-996A-AD399E28EF1B}.Debug|Any CPU.ActiveCfg = Debug|Any CPU
		{6FBD6986-53C0-4BA0-996A-AD399E28EF1B}.Debug|Any CPU.Build.0 = Debug|Any CPU
		{6FBD6986-53C0-4BA0-996A-AD399E28EF1B}.DebugLocal|Any CPU.ActiveCfg = Debug|Any CPU
		{6FBD6986-53C0-4BA0-996A-AD399E28EF1B}.DebugLocal|Any CPU.Build.0 = Debug|Any CPU
		{6FBD6986-53C0-4BA0-996A-AD399E28EF1B}.Development|Any CPU.ActiveCfg = Debug|Any CPU
		{6FBD6986-53C0-4BA0-996A-AD399E28EF1B}.Development|Any CPU.Build.0 = Debug|Any CPU
		{6FBD6986-53C0-4BA0-996A-AD399E28EF1B}.Release|Any CPU.ActiveCfg = Release|Any CPU
		{6FBD6986-53C0-4BA0-996A-AD399E28EF1B}.Release|Any CPU.Build.0 = Release|Any CPU
		{45C16E36-29E7-4E0F-9365-A6254B96F03C}.Debug|Any CPU.ActiveCfg = Debug|Any CPU
		{45C16E36-29E7-4E0F-9365-A6254B96F03C}.Debug|Any CPU.Build.0 = Debug|Any CPU
		{45C16E36-29E7-4E0F-9365-A6254B96F03C}.DebugLocal|Any CPU.ActiveCfg = Debug|Any CPU
		{45C16E36-29E7-4E0F-9365-A6254B96F03C}.DebugLocal|Any CPU.Build.0 = Debug|Any CPU
		{45C16E36-29E7-4E0F-9365-A6254B96F03C}.Development|Any CPU.ActiveCfg = Debug|Any CPU
		{45C16E36-29E7-4E0F-9365-A6254B96F03C}.Development|Any CPU.Build.0 = Debug|Any CPU
		{45C16E36-29E7-4E0F-9365-A6254B96F03C}.Release|Any CPU.ActiveCfg = Release|Any CPU
		{45C16E36-29E7-4E0F-9365-A6254B96F03C}.Release|Any CPU.Build.0 = Release|Any CPU
		{5885A692-03CC-44A4-BEDE-708AC3BAB315}.Debug|Any CPU.ActiveCfg = Debug|Any CPU
		{5885A692-03CC-44A4-BEDE-708AC3BAB315}.Debug|Any CPU.Build.0 = Debug|Any CPU
		{5885A692-03CC-44A4-BEDE-708AC3BAB315}.DebugLocal|Any CPU.ActiveCfg = Debug|Any CPU
		{5885A692-03CC-44A4-BEDE-708AC3BAB315}.DebugLocal|Any CPU.Build.0 = Debug|Any CPU
		{5885A692-03CC-44A4-BEDE-708AC3BAB315}.Development|Any CPU.ActiveCfg = Debug|Any CPU
		{5885A692-03CC-44A4-BEDE-708AC3BAB315}.Development|Any CPU.Build.0 = Debug|Any CPU
		{5885A692-03CC-44A4-BEDE-708AC3BAB315}.Release|Any CPU.ActiveCfg = Release|Any CPU
		{5885A692-03CC-44A4-BEDE-708AC3BAB315}.Release|Any CPU.Build.0 = Release|Any CPU
		{EEBB8395-050F-4C9B-97AA-35F1FF296520}.Debug|Any CPU.ActiveCfg = Debug|Any CPU
		{EEBB8395-050F-4C9B-97AA-35F1FF296520}.Debug|Any CPU.Build.0 = Debug|Any CPU
		{EEBB8395-050F-4C9B-97AA-35F1FF296520}.DebugLocal|Any CPU.ActiveCfg = Debug|Any CPU
		{EEBB8395-050F-4C9B-97AA-35F1FF296520}.DebugLocal|Any CPU.Build.0 = Debug|Any CPU
		{EEBB8395-050F-4C9B-97AA-35F1FF296520}.Development|Any CPU.ActiveCfg = Debug|Any CPU
		{EEBB8395-050F-4C9B-97AA-35F1FF296520}.Development|Any CPU.Build.0 = Debug|Any CPU
		{EEBB8395-050F-4C9B-97AA-35F1FF296520}.Release|Any CPU.ActiveCfg = Release|Any CPU
		{EEBB8395-050F-4C9B-97AA-35F1FF296520}.Release|Any CPU.Build.0 = Release|Any CPU
		{F77BEA46-9C0E-4943-AF55-35413234B9D0}.Debug|Any CPU.ActiveCfg = Development
		{F77BEA46-9C0E-4943-AF55-35413234B9D0}.Debug|Any CPU.Build.0 = Development
		{F77BEA46-9C0E-4943-AF55-35413234B9D0}.DebugLocal|Any CPU.ActiveCfg = Development
		{F77BEA46-9C0E-4943-AF55-35413234B9D0}.DebugLocal|Any CPU.Build.0 = Development
		{F77BEA46-9C0E-4943-AF55-35413234B9D0}.Development|Any CPU.ActiveCfg = Development
		{F77BEA46-9C0E-4943-AF55-35413234B9D0}.Development|Any CPU.Build.0 = Development
		{F77BEA46-9C0E-4943-AF55-35413234B9D0}.Release|Any CPU.ActiveCfg = Development
		{F77BEA46-9C0E-4943-AF55-35413234B9D0}.Release|Any CPU.Build.0 = Development
		{C1B45A85-84E1-4AC9-8069-38DBCE4E59AD}.Debug|Any CPU.ActiveCfg = Debug|Any CPU
		{C1B45A85-84E1-4AC9-8069-38DBCE4E59AD}.Debug|Any CPU.Build.0 = Debug|Any CPU
		{C1B45A85-84E1-4AC9-8069-38DBCE4E59AD}.Debug|Any CPU.Deploy.0 = Debug|Any CPU
		{C1B45A85-84E1-4AC9-8069-38DBCE4E59AD}.DebugLocal|Any CPU.ActiveCfg = Debug|Any CPU
		{C1B45A85-84E1-4AC9-8069-38DBCE4E59AD}.DebugLocal|Any CPU.Build.0 = Debug|Any CPU
		{C1B45A85-84E1-4AC9-8069-38DBCE4E59AD}.DebugLocal|Any CPU.Deploy.0 = Debug|Any CPU
		{C1B45A85-84E1-4AC9-8069-38DBCE4E59AD}.Development|Any CPU.ActiveCfg = Debug|Any CPU
		{C1B45A85-84E1-4AC9-8069-38DBCE4E59AD}.Development|Any CPU.Build.0 = Debug|Any CPU
		{C1B45A85-84E1-4AC9-8069-38DBCE4E59AD}.Development|Any CPU.Deploy.0 = Debug|Any CPU
		{C1B45A85-84E1-4AC9-8069-38DBCE4E59AD}.Release|Any CPU.ActiveCfg = Release|Any CPU
		{736436EB-F912-4D12-8748-E7B3A3E5F2D9}.Debug|Any CPU.ActiveCfg = Development
		{736436EB-F912-4D12-8748-E7B3A3E5F2D9}.Debug|Any CPU.Build.0 = Development
		{736436EB-F912-4D12-8748-E7B3A3E5F2D9}.Debug|Any CPU.Deploy.0 = Development
		{736436EB-F912-4D12-8748-E7B3A3E5F2D9}.DebugLocal|Any CPU.ActiveCfg = Development
		{736436EB-F912-4D12-8748-E7B3A3E5F2D9}.DebugLocal|Any CPU.Build.0 = Development
		{736436EB-F912-4D12-8748-E7B3A3E5F2D9}.DebugLocal|Any CPU.Deploy.0 = Development
		{736436EB-F912-4D12-8748-E7B3A3E5F2D9}.Development|Any CPU.ActiveCfg = Development
		{736436EB-F912-4D12-8748-E7B3A3E5F2D9}.Development|Any CPU.Build.0 = Development
		{736436EB-F912-4D12-8748-E7B3A3E5F2D9}.Development|Any CPU.Deploy.0 = Development
		{736436EB-F912-4D12-8748-E7B3A3E5F2D9}.Release|Any CPU.ActiveCfg = Development
		{736436EB-F912-4D12-8748-E7B3A3E5F2D9}.Release|Any CPU.Build.0 = Development
		{736436EB-F912-4D12-8748-E7B3A3E5F2D9}.Release|Any CPU.Deploy.0 = Development
		{89CE9E27-765C-486D-9DA6-71B3411AA78E}.Debug|Any CPU.ActiveCfg = Debug
		{89CE9E27-765C-486D-9DA6-71B3411AA78E}.Debug|Any CPU.Build.0 = Debug
		{89CE9E27-765C-486D-9DA6-71B3411AA78E}.Debug|Any CPU.Deploy.0 = Debug
		{89CE9E27-765C-486D-9DA6-71B3411AA78E}.DebugLocal|Any CPU.ActiveCfg = DebugLocal
		{89CE9E27-765C-486D-9DA6-71B3411AA78E}.DebugLocal|Any CPU.Build.0 = DebugLocal
		{89CE9E27-765C-486D-9DA6-71B3411AA78E}.DebugLocal|Any CPU.Deploy.0 = DebugLocal
		{89CE9E27-765C-486D-9DA6-71B3411AA78E}.Development|Any CPU.ActiveCfg = 
		{89CE9E27-765C-486D-9DA6-71B3411AA78E}.Development|Any CPU.Build.0 = 
		{89CE9E27-765C-486D-9DA6-71B3411AA78E}.Development|Any CPU.Deploy.0 = 
		{89CE9E27-765C-486D-9DA6-71B3411AA78E}.Release|Any CPU.ActiveCfg = Release
		{89CE9E27-765C-486D-9DA6-71B3411AA78E}.Release|Any CPU.Build.0 = Release
		{89CE9E27-765C-486D-9DA6-71B3411AA78E}.Release|Any CPU.Deploy.0 = Release
		{16683ACA-EABE-4FF7-8511-663F166ED211}.Debug|Any CPU.ActiveCfg = Debug|Any CPU
		{16683ACA-EABE-4FF7-8511-663F166ED211}.Debug|Any CPU.Build.0 = Debug|Any CPU
		{16683ACA-EABE-4FF7-8511-663F166ED211}.DebugLocal|Any CPU.ActiveCfg = Debug|Any CPU
		{16683ACA-EABE-4FF7-8511-663F166ED211}.DebugLocal|Any CPU.Build.0 = Debug|Any CPU
		{16683ACA-EABE-4FF7-8511-663F166ED211}.Development|Any CPU.ActiveCfg = Debug|Any CPU
		{16683ACA-EABE-4FF7-8511-663F166ED211}.Development|Any CPU.Build.0 = Debug|Any CPU
		{16683ACA-EABE-4FF7-8511-663F166ED211}.Release|Any CPU.ActiveCfg = Release|Any CPU
		{16683ACA-EABE-4FF7-8511-663F166ED211}.Release|Any CPU.Build.0 = Release|Any CPU
		{3A8D810C-804D-4E9F-BAB4-835EDF31CBF5}.Debug|Any CPU.ActiveCfg = Debug|Any CPU
		{3A8D810C-804D-4E9F-BAB4-835EDF31CBF5}.Debug|Any CPU.Build.0 = Debug|Any CPU
		{3A8D810C-804D-4E9F-BAB4-835EDF31CBF5}.DebugLocal|Any CPU.ActiveCfg = Debug|Any CPU
		{3A8D810C-804D-4E9F-BAB4-835EDF31CBF5}.DebugLocal|Any CPU.Build.0 = Debug|Any CPU
		{3A8D810C-804D-4E9F-BAB4-835EDF31CBF5}.Development|Any CPU.ActiveCfg = Debug|Any CPU
		{3A8D810C-804D-4E9F-BAB4-835EDF31CBF5}.Development|Any CPU.Build.0 = Debug|Any CPU
		{3A8D810C-804D-4E9F-BAB4-835EDF31CBF5}.Release|Any CPU.ActiveCfg = Release|Any CPU
		{3A8D810C-804D-4E9F-BAB4-835EDF31CBF5}.Release|Any CPU.Build.0 = Release|Any CPU
		{6C970A5D-F430-436C-B496-A3EE40EDC290}.Debug|Any CPU.ActiveCfg = Debug|Any CPU
		{6C970A5D-F430-436C-B496-A3EE40EDC290}.Debug|Any CPU.Build.0 = Debug|Any CPU
		{6C970A5D-F430-436C-B496-A3EE40EDC290}.DebugLocal|Any CPU.ActiveCfg = Debug|Any CPU
		{6C970A5D-F430-436C-B496-A3EE40EDC290}.DebugLocal|Any CPU.Build.0 = Debug|Any CPU
		{6C970A5D-F430-436C-B496-A3EE40EDC290}.Development|Any CPU.ActiveCfg = Debug|Any CPU
		{6C970A5D-F430-436C-B496-A3EE40EDC290}.Development|Any CPU.Build.0 = Debug|Any CPU
		{6C970A5D-F430-436C-B496-A3EE40EDC290}.Release|Any CPU.ActiveCfg = Release|Any CPU
		{6C970A5D-F430-436C-B496-A3EE40EDC290}.Release|Any CPU.Build.0 = Release|Any CPU
		{53204EA7-9C21-49CB-BC8D-A1192F843619}.Debug|Any CPU.ActiveCfg = Debug|Any CPU
		{53204EA7-9C21-49CB-BC8D-A1192F843619}.Debug|Any CPU.Build.0 = Debug|Any CPU
		{53204EA7-9C21-49CB-BC8D-A1192F843619}.DebugLocal|Any CPU.ActiveCfg = Debug|Any CPU
		{53204EA7-9C21-49CB-BC8D-A1192F843619}.DebugLocal|Any CPU.Build.0 = Debug|Any CPU
		{53204EA7-9C21-49CB-BC8D-A1192F843619}.Development|Any CPU.ActiveCfg = Debug|Any CPU
		{53204EA7-9C21-49CB-BC8D-A1192F843619}.Development|Any CPU.Build.0 = Debug|Any CPU
		{53204EA7-9C21-49CB-BC8D-A1192F843619}.Release|Any CPU.ActiveCfg = Release|Any CPU
		{53204EA7-9C21-49CB-BC8D-A1192F843619}.Release|Any CPU.Build.0 = Release|Any CPU
		{B82714C3-9A51-43E4-A1C6-50488F6DBC4F}.Debug|Any CPU.ActiveCfg = Debug|Any CPU
		{B82714C3-9A51-43E4-A1C6-50488F6DBC4F}.Debug|Any CPU.Build.0 = Debug|Any CPU
		{B82714C3-9A51-43E4-A1C6-50488F6DBC4F}.DebugLocal|Any CPU.ActiveCfg = Debug|Any CPU
		{B82714C3-9A51-43E4-A1C6-50488F6DBC4F}.DebugLocal|Any CPU.Build.0 = Debug|Any CPU
		{B82714C3-9A51-43E4-A1C6-50488F6DBC4F}.Development|Any CPU.ActiveCfg = Debug|Any CPU
		{B82714C3-9A51-43E4-A1C6-50488F6DBC4F}.Development|Any CPU.Build.0 = Debug|Any CPU
		{B82714C3-9A51-43E4-A1C6-50488F6DBC4F}.Release|Any CPU.ActiveCfg = Release|Any CPU
		{B82714C3-9A51-43E4-A1C6-50488F6DBC4F}.Release|Any CPU.Build.0 = Release|Any CPU
		{8F54892A-588A-4430-A338-54A636C4A798}.Debug|Any CPU.ActiveCfg = Debug|Any CPU
		{8F54892A-588A-4430-A338-54A636C4A798}.Debug|Any CPU.Build.0 = Debug|Any CPU
		{8F54892A-588A-4430-A338-54A636C4A798}.DebugLocal|Any CPU.ActiveCfg = Debug|Any CPU
		{8F54892A-588A-4430-A338-54A636C4A798}.DebugLocal|Any CPU.Build.0 = Debug|Any CPU
		{8F54892A-588A-4430-A338-54A636C4A798}.Development|Any CPU.ActiveCfg = Debug|Any CPU
		{8F54892A-588A-4430-A338-54A636C4A798}.Development|Any CPU.Build.0 = Debug|Any CPU
		{8F54892A-588A-4430-A338-54A636C4A798}.Release|Any CPU.ActiveCfg = Release|Any CPU
		{8F54892A-588A-4430-A338-54A636C4A798}.Release|Any CPU.Build.0 = Release|Any CPU
		{FF5EB29B-0FED-4BDC-8A8E-6195B5E669F6}.Debug|Any CPU.ActiveCfg = Debug|Any CPU
		{FF5EB29B-0FED-4BDC-8A8E-6195B5E669F6}.Debug|Any CPU.Build.0 = Debug|Any CPU
		{FF5EB29B-0FED-4BDC-8A8E-6195B5E669F6}.DebugLocal|Any CPU.ActiveCfg = Debug|Any CPU
		{FF5EB29B-0FED-4BDC-8A8E-6195B5E669F6}.DebugLocal|Any CPU.Build.0 = Debug|Any CPU
		{FF5EB29B-0FED-4BDC-8A8E-6195B5E669F6}.Development|Any CPU.ActiveCfg = Debug|Any CPU
		{FF5EB29B-0FED-4BDC-8A8E-6195B5E669F6}.Development|Any CPU.Build.0 = Debug|Any CPU
		{FF5EB29B-0FED-4BDC-8A8E-6195B5E669F6}.Release|Any CPU.ActiveCfg = Release|Any CPU
		{FF5EB29B-0FED-4BDC-8A8E-6195B5E669F6}.Release|Any CPU.Build.0 = Release|Any CPU
		{90590CE2-AC74-483A-9B20-9A222F95D7D3}.Debug|Any CPU.ActiveCfg = Debug|Any CPU
		{90590CE2-AC74-483A-9B20-9A222F95D7D3}.Debug|Any CPU.Build.0 = Debug|Any CPU
		{90590CE2-AC74-483A-9B20-9A222F95D7D3}.DebugLocal|Any CPU.ActiveCfg = Debug|Any CPU
		{90590CE2-AC74-483A-9B20-9A222F95D7D3}.DebugLocal|Any CPU.Build.0 = Debug|Any CPU
		{90590CE2-AC74-483A-9B20-9A222F95D7D3}.Development|Any CPU.ActiveCfg = Debug|Any CPU
		{90590CE2-AC74-483A-9B20-9A222F95D7D3}.Development|Any CPU.Build.0 = Debug|Any CPU
		{90590CE2-AC74-483A-9B20-9A222F95D7D3}.Release|Any CPU.ActiveCfg = Release|Any CPU
		{90590CE2-AC74-483A-9B20-9A222F95D7D3}.Release|Any CPU.Build.0 = Release|Any CPU
		{7377DE37-9A8A-41F7-9D80-7C34A4E9F7E6}.Debug|Any CPU.ActiveCfg = Debug|Any CPU
		{7377DE37-9A8A-41F7-9D80-7C34A4E9F7E6}.Debug|Any CPU.Build.0 = Debug|Any CPU
		{7377DE37-9A8A-41F7-9D80-7C34A4E9F7E6}.DebugLocal|Any CPU.ActiveCfg = Debug|Any CPU
		{7377DE37-9A8A-41F7-9D80-7C34A4E9F7E6}.DebugLocal|Any CPU.Build.0 = Debug|Any CPU
		{7377DE37-9A8A-41F7-9D80-7C34A4E9F7E6}.Development|Any CPU.ActiveCfg = Debug|Any CPU
		{7377DE37-9A8A-41F7-9D80-7C34A4E9F7E6}.Development|Any CPU.Build.0 = Debug|Any CPU
		{7377DE37-9A8A-41F7-9D80-7C34A4E9F7E6}.Release|Any CPU.ActiveCfg = Release|Any CPU
		{7377DE37-9A8A-41F7-9D80-7C34A4E9F7E6}.Release|Any CPU.Build.0 = Release|Any CPU
		{E5FCE292-AC34-4AE2-BD09-4E2F1A3FE84C}.Debug|Any CPU.ActiveCfg = Debug|Any CPU
		{E5FCE292-AC34-4AE2-BD09-4E2F1A3FE84C}.Debug|Any CPU.Build.0 = Debug|Any CPU
		{E5FCE292-AC34-4AE2-BD09-4E2F1A3FE84C}.DebugLocal|Any CPU.ActiveCfg = Debug|Any CPU
		{E5FCE292-AC34-4AE2-BD09-4E2F1A3FE84C}.DebugLocal|Any CPU.Build.0 = Debug|Any CPU
		{E5FCE292-AC34-4AE2-BD09-4E2F1A3FE84C}.Development|Any CPU.ActiveCfg = Debug|Any CPU
		{E5FCE292-AC34-4AE2-BD09-4E2F1A3FE84C}.Development|Any CPU.Build.0 = Debug|Any CPU
		{E5FCE292-AC34-4AE2-BD09-4E2F1A3FE84C}.Release|Any CPU.ActiveCfg = Release|Any CPU
		{E5FCE292-AC34-4AE2-BD09-4E2F1A3FE84C}.Release|Any CPU.Build.0 = Release|Any CPU
		{6140A499-F443-44E0-924D-8923617F7D1F}.Debug|Any CPU.ActiveCfg = Debug|Any CPU
		{6140A499-F443-44E0-924D-8923617F7D1F}.Debug|Any CPU.Build.0 = Debug|Any CPU
		{6140A499-F443-44E0-924D-8923617F7D1F}.DebugLocal|Any CPU.ActiveCfg = Debug|Any CPU
		{6140A499-F443-44E0-924D-8923617F7D1F}.DebugLocal|Any CPU.Build.0 = Debug|Any CPU
		{6140A499-F443-44E0-924D-8923617F7D1F}.Development|Any CPU.ActiveCfg = Debug|Any CPU
		{6140A499-F443-44E0-924D-8923617F7D1F}.Development|Any CPU.Build.0 = Debug|Any CPU
		{6140A499-F443-44E0-924D-8923617F7D1F}.Release|Any CPU.ActiveCfg = Release|Any CPU
		{6140A499-F443-44E0-924D-8923617F7D1F}.Release|Any CPU.Build.0 = Release|Any CPU
		{F01A0CE6-9D3E-403E-A6F0-715321F9F4CD}.Debug|Any CPU.ActiveCfg = Debug|Any CPU
		{F01A0CE6-9D3E-403E-A6F0-715321F9F4CD}.Debug|Any CPU.Build.0 = Debug|Any CPU
		{F01A0CE6-9D3E-403E-A6F0-715321F9F4CD}.DebugLocal|Any CPU.ActiveCfg = Debug|Any CPU
		{F01A0CE6-9D3E-403E-A6F0-715321F9F4CD}.DebugLocal|Any CPU.Build.0 = Debug|Any CPU
		{F01A0CE6-9D3E-403E-A6F0-715321F9F4CD}.Development|Any CPU.ActiveCfg = Debug|Any CPU
		{F01A0CE6-9D3E-403E-A6F0-715321F9F4CD}.Development|Any CPU.Build.0 = Debug|Any CPU
		{F01A0CE6-9D3E-403E-A6F0-715321F9F4CD}.Release|Any CPU.ActiveCfg = Release|Any CPU
		{F01A0CE6-9D3E-403E-A6F0-715321F9F4CD}.Release|Any CPU.Build.0 = Release|Any CPU
		{5FC6C206-0F36-47D4-98C6-AB3FBFB5D52B}.Debug|Any CPU.ActiveCfg = Debug|Any CPU
		{5FC6C206-0F36-47D4-98C6-AB3FBFB5D52B}.Debug|Any CPU.Build.0 = Debug|Any CPU
		{5FC6C206-0F36-47D4-98C6-AB3FBFB5D52B}.DebugLocal|Any CPU.ActiveCfg = Debug|Any CPU
		{5FC6C206-0F36-47D4-98C6-AB3FBFB5D52B}.DebugLocal|Any CPU.Build.0 = Debug|Any CPU
		{5FC6C206-0F36-47D4-98C6-AB3FBFB5D52B}.Development|Any CPU.ActiveCfg = Debug|Any CPU
		{5FC6C206-0F36-47D4-98C6-AB3FBFB5D52B}.Development|Any CPU.Build.0 = Debug|Any CPU
		{5FC6C206-0F36-47D4-98C6-AB3FBFB5D52B}.Release|Any CPU.ActiveCfg = Release|Any CPU
		{5FC6C206-0F36-47D4-98C6-AB3FBFB5D52B}.Release|Any CPU.Build.0 = Release|Any CPU
		{34D7C6C2-68CC-485E-AAA2-2A06B589BDDF}.Debug|Any CPU.ActiveCfg = Debug|Any CPU
		{34D7C6C2-68CC-485E-AAA2-2A06B589BDDF}.Debug|Any CPU.Build.0 = Debug|Any CPU
		{34D7C6C2-68CC-485E-AAA2-2A06B589BDDF}.DebugLocal|Any CPU.ActiveCfg = Debug|Any CPU
		{34D7C6C2-68CC-485E-AAA2-2A06B589BDDF}.DebugLocal|Any CPU.Build.0 = Debug|Any CPU
		{34D7C6C2-68CC-485E-AAA2-2A06B589BDDF}.Development|Any CPU.ActiveCfg = Debug|Any CPU
		{34D7C6C2-68CC-485E-AAA2-2A06B589BDDF}.Development|Any CPU.Build.0 = Debug|Any CPU
		{34D7C6C2-68CC-485E-AAA2-2A06B589BDDF}.Release|Any CPU.ActiveCfg = Release|Any CPU
		{34D7C6C2-68CC-485E-AAA2-2A06B589BDDF}.Release|Any CPU.Build.0 = Release|Any CPU
		{9A157A7C-73BC-4B6B-9443-64964AF90EEE}.Debug|Any CPU.ActiveCfg = Debug|Any CPU
		{9A157A7C-73BC-4B6B-9443-64964AF90EEE}.Debug|Any CPU.Build.0 = Debug|Any CPU
		{9A157A7C-73BC-4B6B-9443-64964AF90EEE}.DebugLocal|Any CPU.ActiveCfg = Debug|Any CPU
		{9A157A7C-73BC-4B6B-9443-64964AF90EEE}.DebugLocal|Any CPU.Build.0 = Debug|Any CPU
		{9A157A7C-73BC-4B6B-9443-64964AF90EEE}.Development|Any CPU.ActiveCfg = Debug|Any CPU
		{9A157A7C-73BC-4B6B-9443-64964AF90EEE}.Development|Any CPU.Build.0 = Debug|Any CPU
		{9A157A7C-73BC-4B6B-9443-64964AF90EEE}.Release|Any CPU.ActiveCfg = Release|Any CPU
		{9A157A7C-73BC-4B6B-9443-64964AF90EEE}.Release|Any CPU.Build.0 = Release|Any CPU
		{59A115D2-85D5-4CB2-8691-EDB501A92096}.Debug|Any CPU.ActiveCfg = Debug|Any CPU
		{59A115D2-85D5-4CB2-8691-EDB501A92096}.Debug|Any CPU.Build.0 = Debug|Any CPU
		{59A115D2-85D5-4CB2-8691-EDB501A92096}.DebugLocal|Any CPU.ActiveCfg = Debug|Any CPU
		{59A115D2-85D5-4CB2-8691-EDB501A92096}.DebugLocal|Any CPU.Build.0 = Debug|Any CPU
		{59A115D2-85D5-4CB2-8691-EDB501A92096}.Development|Any CPU.ActiveCfg = Debug|Any CPU
		{59A115D2-85D5-4CB2-8691-EDB501A92096}.Development|Any CPU.Build.0 = Debug|Any CPU
		{59A115D2-85D5-4CB2-8691-EDB501A92096}.Release|Any CPU.ActiveCfg = Release|Any CPU
		{59A115D2-85D5-4CB2-8691-EDB501A92096}.Release|Any CPU.Build.0 = Release|Any CPU
		{8ABDA5E7-BB71-49D7-9344-252F6654F5CD}.Debug|Any CPU.ActiveCfg = Debug|Any CPU
		{8ABDA5E7-BB71-49D7-9344-252F6654F5CD}.Debug|Any CPU.Build.0 = Debug|Any CPU
		{8ABDA5E7-BB71-49D7-9344-252F6654F5CD}.DebugLocal|Any CPU.ActiveCfg = Debug|Any CPU
		{8ABDA5E7-BB71-49D7-9344-252F6654F5CD}.DebugLocal|Any CPU.Build.0 = Debug|Any CPU
		{8ABDA5E7-BB71-49D7-9344-252F6654F5CD}.Development|Any CPU.ActiveCfg = Debug|Any CPU
		{8ABDA5E7-BB71-49D7-9344-252F6654F5CD}.Development|Any CPU.Build.0 = Debug|Any CPU
		{8ABDA5E7-BB71-49D7-9344-252F6654F5CD}.Release|Any CPU.ActiveCfg = Release|Any CPU
		{8ABDA5E7-BB71-49D7-9344-252F6654F5CD}.Release|Any CPU.Build.0 = Release|Any CPU
		{76AC7E96-E5D4-4EE8-9CC5-1A088038D2F5}.Debug|Any CPU.ActiveCfg = Debug|Any CPU
		{76AC7E96-E5D4-4EE8-9CC5-1A088038D2F5}.Debug|Any CPU.Build.0 = Debug|Any CPU
		{76AC7E96-E5D4-4EE8-9CC5-1A088038D2F5}.DebugLocal|Any CPU.ActiveCfg = Debug|Any CPU
		{76AC7E96-E5D4-4EE8-9CC5-1A088038D2F5}.DebugLocal|Any CPU.Build.0 = Debug|Any CPU
		{76AC7E96-E5D4-4EE8-9CC5-1A088038D2F5}.Development|Any CPU.ActiveCfg = Debug|Any CPU
		{76AC7E96-E5D4-4EE8-9CC5-1A088038D2F5}.Development|Any CPU.Build.0 = Debug|Any CPU
		{76AC7E96-E5D4-4EE8-9CC5-1A088038D2F5}.Release|Any CPU.ActiveCfg = Release|Any CPU
		{76AC7E96-E5D4-4EE8-9CC5-1A088038D2F5}.Release|Any CPU.Build.0 = Release|Any CPU
		{44EF5AD8-B5CF-40FD-9F58-38E21AF73E19}.Debug|Any CPU.ActiveCfg = Debug|Any CPU
		{44EF5AD8-B5CF-40FD-9F58-38E21AF73E19}.Debug|Any CPU.Build.0 = Debug|Any CPU
		{44EF5AD8-B5CF-40FD-9F58-38E21AF73E19}.DebugLocal|Any CPU.ActiveCfg = Debug|Any CPU
		{44EF5AD8-B5CF-40FD-9F58-38E21AF73E19}.DebugLocal|Any CPU.Build.0 = Debug|Any CPU
		{44EF5AD8-B5CF-40FD-9F58-38E21AF73E19}.Development|Any CPU.ActiveCfg = Debug|Any CPU
		{44EF5AD8-B5CF-40FD-9F58-38E21AF73E19}.Development|Any CPU.Build.0 = Debug|Any CPU
		{44EF5AD8-B5CF-40FD-9F58-38E21AF73E19}.Release|Any CPU.ActiveCfg = Release|Any CPU
		{44EF5AD8-B5CF-40FD-9F58-38E21AF73E19}.Release|Any CPU.Build.0 = Release|Any CPU
		{E07E5782-4C32-45E4-8F83-71D3559A817A}.Debug|Any CPU.ActiveCfg = Debug|Any CPU
		{E07E5782-4C32-45E4-8F83-71D3559A817A}.Debug|Any CPU.Build.0 = Debug|Any CPU
		{E07E5782-4C32-45E4-8F83-71D3559A817A}.DebugLocal|Any CPU.ActiveCfg = Debug|Any CPU
		{E07E5782-4C32-45E4-8F83-71D3559A817A}.DebugLocal|Any CPU.Build.0 = Debug|Any CPU
		{E07E5782-4C32-45E4-8F83-71D3559A817A}.Development|Any CPU.ActiveCfg = Debug|Any CPU
		{E07E5782-4C32-45E4-8F83-71D3559A817A}.Development|Any CPU.Build.0 = Debug|Any CPU
		{E07E5782-4C32-45E4-8F83-71D3559A817A}.Release|Any CPU.ActiveCfg = Release|Any CPU
		{E07E5782-4C32-45E4-8F83-71D3559A817A}.Release|Any CPU.Build.0 = Release|Any CPU
		{D8D3CF2D-6C22-4A5C-97D7-A3140EA3BE20}.Debug|Any CPU.ActiveCfg = Debug|Any CPU
		{D8D3CF2D-6C22-4A5C-97D7-A3140EA3BE20}.Debug|Any CPU.Build.0 = Debug|Any CPU
		{D8D3CF2D-6C22-4A5C-97D7-A3140EA3BE20}.DebugLocal|Any CPU.ActiveCfg = Debug|Any CPU
		{D8D3CF2D-6C22-4A5C-97D7-A3140EA3BE20}.DebugLocal|Any CPU.Build.0 = Debug|Any CPU
		{D8D3CF2D-6C22-4A5C-97D7-A3140EA3BE20}.Development|Any CPU.ActiveCfg = Debug|Any CPU
		{D8D3CF2D-6C22-4A5C-97D7-A3140EA3BE20}.Development|Any CPU.Build.0 = Debug|Any CPU
		{D8D3CF2D-6C22-4A5C-97D7-A3140EA3BE20}.Release|Any CPU.ActiveCfg = Release|Any CPU
		{D8D3CF2D-6C22-4A5C-97D7-A3140EA3BE20}.Release|Any CPU.Build.0 = Release|Any CPU
		{E070B23D-112C-4C06-A3EE-606CD7FE9A32}.Debug|Any CPU.ActiveCfg = Debug|Any CPU
		{E070B23D-112C-4C06-A3EE-606CD7FE9A32}.Debug|Any CPU.Build.0 = Debug|Any CPU
		{E070B23D-112C-4C06-A3EE-606CD7FE9A32}.DebugLocal|Any CPU.ActiveCfg = Debug|Any CPU
		{E070B23D-112C-4C06-A3EE-606CD7FE9A32}.DebugLocal|Any CPU.Build.0 = Debug|Any CPU
		{E070B23D-112C-4C06-A3EE-606CD7FE9A32}.Development|Any CPU.ActiveCfg = Debug|Any CPU
		{E070B23D-112C-4C06-A3EE-606CD7FE9A32}.Development|Any CPU.Build.0 = Debug|Any CPU
		{E070B23D-112C-4C06-A3EE-606CD7FE9A32}.Release|Any CPU.ActiveCfg = Release|Any CPU
		{E070B23D-112C-4C06-A3EE-606CD7FE9A32}.Release|Any CPU.Build.0 = Release|Any CPU
		{D3954CF9-93AA-4525-B403-9AB537647408}.Debug|Any CPU.ActiveCfg = Debug|Any CPU
		{D3954CF9-93AA-4525-B403-9AB537647408}.Debug|Any CPU.Build.0 = Debug|Any CPU
		{D3954CF9-93AA-4525-B403-9AB537647408}.DebugLocal|Any CPU.ActiveCfg = Debug|Any CPU
		{D3954CF9-93AA-4525-B403-9AB537647408}.DebugLocal|Any CPU.Build.0 = Debug|Any CPU
		{D3954CF9-93AA-4525-B403-9AB537647408}.Development|Any CPU.ActiveCfg = Debug|Any CPU
		{D3954CF9-93AA-4525-B403-9AB537647408}.Development|Any CPU.Build.0 = Debug|Any CPU
		{D3954CF9-93AA-4525-B403-9AB537647408}.Release|Any CPU.ActiveCfg = Release|Any CPU
		{D3954CF9-93AA-4525-B403-9AB537647408}.Release|Any CPU.Build.0 = Release|Any CPU
		{1184E359-DA32-4790-86B3-341B016E7975}.Debug|Any CPU.ActiveCfg = Debug|Any CPU
		{1184E359-DA32-4790-86B3-341B016E7975}.Debug|Any CPU.Build.0 = Debug|Any CPU
		{1184E359-DA32-4790-86B3-341B016E7975}.DebugLocal|Any CPU.ActiveCfg = Debug|Any CPU
		{1184E359-DA32-4790-86B3-341B016E7975}.DebugLocal|Any CPU.Build.0 = Debug|Any CPU
		{1184E359-DA32-4790-86B3-341B016E7975}.Development|Any CPU.ActiveCfg = Debug|Any CPU
		{1184E359-DA32-4790-86B3-341B016E7975}.Development|Any CPU.Build.0 = Debug|Any CPU
		{1184E359-DA32-4790-86B3-341B016E7975}.Release|Any CPU.ActiveCfg = Release|Any CPU
		{1184E359-DA32-4790-86B3-341B016E7975}.Release|Any CPU.Build.0 = Release|Any CPU
		{3B75FB6E-901C-4E9F-BC89-5BDB7970695E}.Debug|Any CPU.ActiveCfg = Debug|Any CPU
		{3B75FB6E-901C-4E9F-BC89-5BDB7970695E}.Debug|Any CPU.Build.0 = Debug|Any CPU
		{3B75FB6E-901C-4E9F-BC89-5BDB7970695E}.DebugLocal|Any CPU.ActiveCfg = Debug|Any CPU
		{3B75FB6E-901C-4E9F-BC89-5BDB7970695E}.DebugLocal|Any CPU.Build.0 = Debug|Any CPU
		{3B75FB6E-901C-4E9F-BC89-5BDB7970695E}.Development|Any CPU.ActiveCfg = Debug|Any CPU
		{3B75FB6E-901C-4E9F-BC89-5BDB7970695E}.Development|Any CPU.Build.0 = Debug|Any CPU
		{3B75FB6E-901C-4E9F-BC89-5BDB7970695E}.Release|Any CPU.ActiveCfg = Release|Any CPU
		{3B75FB6E-901C-4E9F-BC89-5BDB7970695E}.Release|Any CPU.Build.0 = Release|Any CPU
		{73ADEB26-98F5-44B1-A287-5D111B374DF1}.Debug|Any CPU.ActiveCfg = Debug|Any CPU
		{73ADEB26-98F5-44B1-A287-5D111B374DF1}.Debug|Any CPU.Build.0 = Debug|Any CPU
		{73ADEB26-98F5-44B1-A287-5D111B374DF1}.DebugLocal|Any CPU.ActiveCfg = Debug|Any CPU
		{73ADEB26-98F5-44B1-A287-5D111B374DF1}.DebugLocal|Any CPU.Build.0 = Debug|Any CPU
		{73ADEB26-98F5-44B1-A287-5D111B374DF1}.Development|Any CPU.ActiveCfg = Debug|Any CPU
		{73ADEB26-98F5-44B1-A287-5D111B374DF1}.Development|Any CPU.Build.0 = Debug|Any CPU
		{73ADEB26-98F5-44B1-A287-5D111B374DF1}.Release|Any CPU.ActiveCfg = Release|Any CPU
		{73ADEB26-98F5-44B1-A287-5D111B374DF1}.Release|Any CPU.Build.0 = Release|Any CPU
		{9AC49706-0503-4572-AA67-2421599F5943}.Debug|Any CPU.ActiveCfg = Debug|Any CPU
		{9AC49706-0503-4572-AA67-2421599F5943}.Debug|Any CPU.Build.0 = Debug|Any CPU
		{9AC49706-0503-4572-AA67-2421599F5943}.DebugLocal|Any CPU.ActiveCfg = Debug|Any CPU
		{9AC49706-0503-4572-AA67-2421599F5943}.DebugLocal|Any CPU.Build.0 = Debug|Any CPU
		{9AC49706-0503-4572-AA67-2421599F5943}.Development|Any CPU.ActiveCfg = Debug|Any CPU
		{9AC49706-0503-4572-AA67-2421599F5943}.Development|Any CPU.Build.0 = Debug|Any CPU
		{9AC49706-0503-4572-AA67-2421599F5943}.Release|Any CPU.ActiveCfg = Release|Any CPU
		{9AC49706-0503-4572-AA67-2421599F5943}.Release|Any CPU.Build.0 = Release|Any CPU
		{3E3A1CFE-35DC-49D8-9DA3-CFAC87C1D4E5}.Debug|Any CPU.ActiveCfg = Debug|Any CPU
		{3E3A1CFE-35DC-49D8-9DA3-CFAC87C1D4E5}.Debug|Any CPU.Build.0 = Debug|Any CPU
		{3E3A1CFE-35DC-49D8-9DA3-CFAC87C1D4E5}.DebugLocal|Any CPU.ActiveCfg = Debug|Any CPU
		{3E3A1CFE-35DC-49D8-9DA3-CFAC87C1D4E5}.DebugLocal|Any CPU.Build.0 = Debug|Any CPU
		{3E3A1CFE-35DC-49D8-9DA3-CFAC87C1D4E5}.Development|Any CPU.ActiveCfg = Debug|Any CPU
		{3E3A1CFE-35DC-49D8-9DA3-CFAC87C1D4E5}.Development|Any CPU.Build.0 = Debug|Any CPU
		{3E3A1CFE-35DC-49D8-9DA3-CFAC87C1D4E5}.Release|Any CPU.ActiveCfg = Release|Any CPU
		{3E3A1CFE-35DC-49D8-9DA3-CFAC87C1D4E5}.Release|Any CPU.Build.0 = Release|Any CPU
		{C7D25C01-7058-4A4E-A0A2-9BEF39753B72}.Debug|Any CPU.ActiveCfg = Debug|Any CPU
		{C7D25C01-7058-4A4E-A0A2-9BEF39753B72}.Debug|Any CPU.Build.0 = Debug|Any CPU
		{C7D25C01-7058-4A4E-A0A2-9BEF39753B72}.Debug|Any CPU.Deploy.0 = Debug|Any CPU
		{C7D25C01-7058-4A4E-A0A2-9BEF39753B72}.DebugLocal|Any CPU.ActiveCfg = Debug|Any CPU
		{C7D25C01-7058-4A4E-A0A2-9BEF39753B72}.DebugLocal|Any CPU.Build.0 = Debug|Any CPU
		{C7D25C01-7058-4A4E-A0A2-9BEF39753B72}.DebugLocal|Any CPU.Deploy.0 = Debug|Any CPU
		{C7D25C01-7058-4A4E-A0A2-9BEF39753B72}.Development|Any CPU.ActiveCfg = Debug|Any CPU
		{C7D25C01-7058-4A4E-A0A2-9BEF39753B72}.Development|Any CPU.Build.0 = Debug|Any CPU
		{C7D25C01-7058-4A4E-A0A2-9BEF39753B72}.Development|Any CPU.Deploy.0 = Debug|Any CPU
		{C7D25C01-7058-4A4E-A0A2-9BEF39753B72}.Release|Any CPU.ActiveCfg = Release|Any CPU
		{C7D25C01-7058-4A4E-A0A2-9BEF39753B72}.Release|Any CPU.Build.0 = Release|Any CPU
		{C7D25C01-7058-4A4E-A0A2-9BEF39753B72}.Release|Any CPU.Deploy.0 = Release|Any CPU
		{30D82589-87B9-4348-BD49-A0D484CE00CB}.Debug|Any CPU.ActiveCfg = Debug|Any CPU
		{30D82589-87B9-4348-BD49-A0D484CE00CB}.Debug|Any CPU.Build.0 = Debug|Any CPU
		{30D82589-87B9-4348-BD49-A0D484CE00CB}.DebugLocal|Any CPU.ActiveCfg = Debug|Any CPU
		{30D82589-87B9-4348-BD49-A0D484CE00CB}.DebugLocal|Any CPU.Build.0 = Debug|Any CPU
		{30D82589-87B9-4348-BD49-A0D484CE00CB}.Development|Any CPU.ActiveCfg = Debug|Any CPU
		{30D82589-87B9-4348-BD49-A0D484CE00CB}.Development|Any CPU.Build.0 = Debug|Any CPU
		{30D82589-87B9-4348-BD49-A0D484CE00CB}.Release|Any CPU.ActiveCfg = Release|Any CPU
		{30D82589-87B9-4348-BD49-A0D484CE00CB}.Release|Any CPU.Build.0 = Release|Any CPU
		{60D87506-AF6A-4581-AC19-A3E2E3D0760D}.Debug|Any CPU.ActiveCfg = Debug|Any CPU
		{60D87506-AF6A-4581-AC19-A3E2E3D0760D}.Debug|Any CPU.Build.0 = Debug|Any CPU
		{60D87506-AF6A-4581-AC19-A3E2E3D0760D}.DebugLocal|Any CPU.ActiveCfg = Debug|Any CPU
		{60D87506-AF6A-4581-AC19-A3E2E3D0760D}.DebugLocal|Any CPU.Build.0 = Debug|Any CPU
		{60D87506-AF6A-4581-AC19-A3E2E3D0760D}.Development|Any CPU.ActiveCfg = Debug|Any CPU
		{60D87506-AF6A-4581-AC19-A3E2E3D0760D}.Development|Any CPU.Build.0 = Debug|Any CPU
		{60D87506-AF6A-4581-AC19-A3E2E3D0760D}.Release|Any CPU.ActiveCfg = Release|Any CPU
		{60D87506-AF6A-4581-AC19-A3E2E3D0760D}.Release|Any CPU.Build.0 = Release|Any CPU
		{4496268F-0494-4ADA-B0EA-A36FD3BFE53F}.Debug|Any CPU.ActiveCfg = Debug|Any CPU
		{4496268F-0494-4ADA-B0EA-A36FD3BFE53F}.Debug|Any CPU.Build.0 = Debug|Any CPU
		{4496268F-0494-4ADA-B0EA-A36FD3BFE53F}.DebugLocal|Any CPU.ActiveCfg = Debug|Any CPU
		{4496268F-0494-4ADA-B0EA-A36FD3BFE53F}.DebugLocal|Any CPU.Build.0 = Debug|Any CPU
		{4496268F-0494-4ADA-B0EA-A36FD3BFE53F}.Development|Any CPU.ActiveCfg = Debug|Any CPU
		{4496268F-0494-4ADA-B0EA-A36FD3BFE53F}.Development|Any CPU.Build.0 = Debug|Any CPU
		{4496268F-0494-4ADA-B0EA-A36FD3BFE53F}.Release|Any CPU.ActiveCfg = Release|Any CPU
		{4496268F-0494-4ADA-B0EA-A36FD3BFE53F}.Release|Any CPU.Build.0 = Release|Any CPU
		{BB915C52-B0CD-4847-8562-D876683380FE}.Debug|Any CPU.ActiveCfg = Debug|Any CPU
		{BB915C52-B0CD-4847-8562-D876683380FE}.Debug|Any CPU.Build.0 = Debug|Any CPU
		{BB915C52-B0CD-4847-8562-D876683380FE}.DebugLocal|Any CPU.ActiveCfg = Debug|Any CPU
		{BB915C52-B0CD-4847-8562-D876683380FE}.DebugLocal|Any CPU.Build.0 = Debug|Any CPU
		{BB915C52-B0CD-4847-8562-D876683380FE}.Development|Any CPU.ActiveCfg = Debug|Any CPU
		{BB915C52-B0CD-4847-8562-D876683380FE}.Development|Any CPU.Build.0 = Debug|Any CPU
		{BB915C52-B0CD-4847-8562-D876683380FE}.Release|Any CPU.ActiveCfg = Release|Any CPU
		{BB915C52-B0CD-4847-8562-D876683380FE}.Release|Any CPU.Build.0 = Release|Any CPU
		{D515F2D2-5F81-4AF0-9A9D-1589DE43C711}.Debug|Any CPU.ActiveCfg = Debug|Any CPU
		{D515F2D2-5F81-4AF0-9A9D-1589DE43C711}.Debug|Any CPU.Build.0 = Debug|Any CPU
		{D515F2D2-5F81-4AF0-9A9D-1589DE43C711}.DebugLocal|Any CPU.ActiveCfg = Debug|Any CPU
		{D515F2D2-5F81-4AF0-9A9D-1589DE43C711}.DebugLocal|Any CPU.Build.0 = Debug|Any CPU
		{D515F2D2-5F81-4AF0-9A9D-1589DE43C711}.Development|Any CPU.ActiveCfg = Debug|Any CPU
		{D515F2D2-5F81-4AF0-9A9D-1589DE43C711}.Development|Any CPU.Build.0 = Debug|Any CPU
		{D515F2D2-5F81-4AF0-9A9D-1589DE43C711}.Release|Any CPU.ActiveCfg = Release|Any CPU
		{D515F2D2-5F81-4AF0-9A9D-1589DE43C711}.Release|Any CPU.Build.0 = Release|Any CPU
		{53419755-9797-47F2-9A45-F0BC4DECFD51}.Debug|Any CPU.ActiveCfg = Debug|Any CPU
		{53419755-9797-47F2-9A45-F0BC4DECFD51}.Debug|Any CPU.Build.0 = Debug|Any CPU
		{53419755-9797-47F2-9A45-F0BC4DECFD51}.DebugLocal|Any CPU.ActiveCfg = Debug|Any CPU
		{53419755-9797-47F2-9A45-F0BC4DECFD51}.DebugLocal|Any CPU.Build.0 = Debug|Any CPU
		{53419755-9797-47F2-9A45-F0BC4DECFD51}.Development|Any CPU.ActiveCfg = Debug|Any CPU
		{53419755-9797-47F2-9A45-F0BC4DECFD51}.Development|Any CPU.Build.0 = Debug|Any CPU
		{53419755-9797-47F2-9A45-F0BC4DECFD51}.Release|Any CPU.ActiveCfg = Release|Any CPU
		{53419755-9797-47F2-9A45-F0BC4DECFD51}.Release|Any CPU.Build.0 = Release|Any CPU
		{259B4F22-5915-472C-8DE2-1B059AAB9781}.Debug|Any CPU.ActiveCfg = Debug|Any CPU
		{259B4F22-5915-472C-8DE2-1B059AAB9781}.Debug|Any CPU.Build.0 = Debug|Any CPU
		{259B4F22-5915-472C-8DE2-1B059AAB9781}.DebugLocal|Any CPU.ActiveCfg = Debug|Any CPU
		{259B4F22-5915-472C-8DE2-1B059AAB9781}.DebugLocal|Any CPU.Build.0 = Debug|Any CPU
		{259B4F22-5915-472C-8DE2-1B059AAB9781}.Development|Any CPU.ActiveCfg = Debug|Any CPU
		{259B4F22-5915-472C-8DE2-1B059AAB9781}.Development|Any CPU.Build.0 = Debug|Any CPU
		{259B4F22-5915-472C-8DE2-1B059AAB9781}.Release|Any CPU.ActiveCfg = Release|Any CPU
		{259B4F22-5915-472C-8DE2-1B059AAB9781}.Release|Any CPU.Build.0 = Release|Any CPU
		{E6BE275F-FDDD-4AEF-AC49-0B22A56F4404}.Debug|Any CPU.ActiveCfg = Debug|Any CPU
		{E6BE275F-FDDD-4AEF-AC49-0B22A56F4404}.Debug|Any CPU.Build.0 = Debug|Any CPU
		{E6BE275F-FDDD-4AEF-AC49-0B22A56F4404}.DebugLocal|Any CPU.ActiveCfg = Debug|Any CPU
		{E6BE275F-FDDD-4AEF-AC49-0B22A56F4404}.DebugLocal|Any CPU.Build.0 = Debug|Any CPU
		{E6BE275F-FDDD-4AEF-AC49-0B22A56F4404}.Development|Any CPU.ActiveCfg = Debug|Any CPU
		{E6BE275F-FDDD-4AEF-AC49-0B22A56F4404}.Development|Any CPU.Build.0 = Debug|Any CPU
		{E6BE275F-FDDD-4AEF-AC49-0B22A56F4404}.Release|Any CPU.ActiveCfg = Release|Any CPU
		{E6BE275F-FDDD-4AEF-AC49-0B22A56F4404}.Release|Any CPU.Build.0 = Release|Any CPU
		{006560AE-356C-4968-80CC-EBF001A12215}.Debug|Any CPU.ActiveCfg = Debug|Any CPU
		{006560AE-356C-4968-80CC-EBF001A12215}.Debug|Any CPU.Build.0 = Debug|Any CPU
		{006560AE-356C-4968-80CC-EBF001A12215}.DebugLocal|Any CPU.ActiveCfg = Debug|Any CPU
		{006560AE-356C-4968-80CC-EBF001A12215}.DebugLocal|Any CPU.Build.0 = Debug|Any CPU
		{006560AE-356C-4968-80CC-EBF001A12215}.Development|Any CPU.ActiveCfg = Debug|Any CPU
		{006560AE-356C-4968-80CC-EBF001A12215}.Development|Any CPU.Build.0 = Debug|Any CPU
		{006560AE-356C-4968-80CC-EBF001A12215}.Release|Any CPU.ActiveCfg = Release|Any CPU
		{006560AE-356C-4968-80CC-EBF001A12215}.Release|Any CPU.Build.0 = Release|Any CPU
	EndGlobalSection
	GlobalSection(SolutionProperties) = preSolution
		HideSolutionNode = FALSE
	EndGlobalSection
	GlobalSection(NestedProjects) = preSolution
		{DFE01277-6CD1-4CBE-9FCF-3CAD1F7B73D8} = {03C3DAA4-48C2-425C-8793-5C4E06424C95}
		{6FBD6986-53C0-4BA0-996A-AD399E28EF1B} = {F54D2443-C254-46CD-A4E6-8DE498850F05}
		{45C16E36-29E7-4E0F-9365-A6254B96F03C} = {F54D2443-C254-46CD-A4E6-8DE498850F05}
		{5885A692-03CC-44A4-BEDE-708AC3BAB315} = {F54D2443-C254-46CD-A4E6-8DE498850F05}
		{EEBB8395-050F-4C9B-97AA-35F1FF296520} = {EC2F041D-C1A6-4EC5-8245-EFD992430EF8}
		{F77BEA46-9C0E-4943-AF55-35413234B9D0} = {D94CB310-FC91-43C7-8566-84AF979229AE}
		{C1B45A85-84E1-4AC9-8069-38DBCE4E59AD} = {D94CB310-FC91-43C7-8566-84AF979229AE}
		{736436EB-F912-4D12-8748-E7B3A3E5F2D9} = {D94CB310-FC91-43C7-8566-84AF979229AE}
		{89CE9E27-765C-486D-9DA6-71B3411AA78E} = {D94CB310-FC91-43C7-8566-84AF979229AE}
		{16683ACA-EABE-4FF7-8511-663F166ED211} = {50214FD0-D99D-4A4E-BE6A-2D08CD038AC5}
		{3A8D810C-804D-4E9F-BAB4-835EDF31CBF5} = {50214FD0-D99D-4A4E-BE6A-2D08CD038AC5}
		{6C970A5D-F430-436C-B496-A3EE40EDC290} = {50214FD0-D99D-4A4E-BE6A-2D08CD038AC5}
		{53204EA7-9C21-49CB-BC8D-A1192F843619} = {50214FD0-D99D-4A4E-BE6A-2D08CD038AC5}
		{B82714C3-9A51-43E4-A1C6-50488F6DBC4F} = {50214FD0-D99D-4A4E-BE6A-2D08CD038AC5}
		{8F54892A-588A-4430-A338-54A636C4A798} = {50214FD0-D99D-4A4E-BE6A-2D08CD038AC5}
		{FF5EB29B-0FED-4BDC-8A8E-6195B5E669F6} = {50214FD0-D99D-4A4E-BE6A-2D08CD038AC5}
		{90590CE2-AC74-483A-9B20-9A222F95D7D3} = {50214FD0-D99D-4A4E-BE6A-2D08CD038AC5}
		{7377DE37-9A8A-41F7-9D80-7C34A4E9F7E6} = {50214FD0-D99D-4A4E-BE6A-2D08CD038AC5}
		{E5FCE292-AC34-4AE2-BD09-4E2F1A3FE84C} = {50214FD0-D99D-4A4E-BE6A-2D08CD038AC5}
		{6140A499-F443-44E0-924D-8923617F7D1F} = {50214FD0-D99D-4A4E-BE6A-2D08CD038AC5}
		{F01A0CE6-9D3E-403E-A6F0-715321F9F4CD} = {50214FD0-D99D-4A4E-BE6A-2D08CD038AC5}
		{5FC6C206-0F36-47D4-98C6-AB3FBFB5D52B} = {50214FD0-D99D-4A4E-BE6A-2D08CD038AC5}
		{34D7C6C2-68CC-485E-AAA2-2A06B589BDDF} = {50214FD0-D99D-4A4E-BE6A-2D08CD038AC5}
		{9A157A7C-73BC-4B6B-9443-64964AF90EEE} = {50214FD0-D99D-4A4E-BE6A-2D08CD038AC5}
		{59A115D2-85D5-4CB2-8691-EDB501A92096} = {50214FD0-D99D-4A4E-BE6A-2D08CD038AC5}
		{8ABDA5E7-BB71-49D7-9344-252F6654F5CD} = {50214FD0-D99D-4A4E-BE6A-2D08CD038AC5}
		{76AC7E96-E5D4-4EE8-9CC5-1A088038D2F5} = {50214FD0-D99D-4A4E-BE6A-2D08CD038AC5}
		{44EF5AD8-B5CF-40FD-9F58-38E21AF73E19} = {03C3DAA4-48C2-425C-8793-5C4E06424C95}
		{E07E5782-4C32-45E4-8F83-71D3559A817A} = {F54D2443-C254-46CD-A4E6-8DE498850F05}
		{D8D3CF2D-6C22-4A5C-97D7-A3140EA3BE20} = {03C3DAA4-48C2-425C-8793-5C4E06424C95}
		{E070B23D-112C-4C06-A3EE-606CD7FE9A32} = {EC2F041D-C1A6-4EC5-8245-EFD992430EF8}
		{D3954CF9-93AA-4525-B403-9AB537647408} = {50214FD0-D99D-4A4E-BE6A-2D08CD038AC5}
		{1184E359-DA32-4790-86B3-341B016E7975} = {03C3DAA4-48C2-425C-8793-5C4E06424C95}
		{3B75FB6E-901C-4E9F-BC89-5BDB7970695E} = {50214FD0-D99D-4A4E-BE6A-2D08CD038AC5}
		{73ADEB26-98F5-44B1-A287-5D111B374DF1} = {50214FD0-D99D-4A4E-BE6A-2D08CD038AC5}
		{9AC49706-0503-4572-AA67-2421599F5943} = {C0CE64EE-3B4D-4396-B671-5E4071F9067E}
		{3E3A1CFE-35DC-49D8-9DA3-CFAC87C1D4E5} = {C0CE64EE-3B4D-4396-B671-5E4071F9067E}
		{C7D25C01-7058-4A4E-A0A2-9BEF39753B72} = {D94CB310-FC91-43C7-8566-84AF979229AE}
		{30D82589-87B9-4348-BD49-A0D484CE00CB} = {03C3DAA4-48C2-425C-8793-5C4E06424C95}
		{60D87506-AF6A-4581-AC19-A3E2E3D0760D} = {03C3DAA4-48C2-425C-8793-5C4E06424C95}
		{4496268F-0494-4ADA-B0EA-A36FD3BFE53F} = {03C3DAA4-48C2-425C-8793-5C4E06424C95}
		{BB915C52-B0CD-4847-8562-D876683380FE} = {03C3DAA4-48C2-425C-8793-5C4E06424C95}
		{D515F2D2-5F81-4AF0-9A9D-1589DE43C711} = {03C3DAA4-48C2-425C-8793-5C4E06424C95}
		{53419755-9797-47F2-9A45-F0BC4DECFD51} = {03C3DAA4-48C2-425C-8793-5C4E06424C95}
		{259B4F22-5915-472C-8DE2-1B059AAB9781} = {03C3DAA4-48C2-425C-8793-5C4E06424C95}
		{E6BE275F-FDDD-4AEF-AC49-0B22A56F4404} = {50214FD0-D99D-4A4E-BE6A-2D08CD038AC5}
		{006560AE-356C-4968-80CC-EBF001A12215} = {50214FD0-D99D-4A4E-BE6A-2D08CD038AC5}
	EndGlobalSection
	GlobalSection(ExtensibilityGlobals) = postSolution
		SolutionGuid = {948865A6-B741-4E07-886B-F685BD3A6B76}
	EndGlobalSection
EndGlobal
